// !$*UTF8*$!
{
	archiveVersion = 1;
	classes = {
	};
	objectVersion = 46;
	objects = {

/* Begin PBXBuildFile section */
		063D44251994114E00C555C6 /* AppDelegate.swift in Sources */ = {isa = PBXBuildFile; fileRef = 063D44241994114E00C555C6 /* AppDelegate.swift */; };
		063D44271994114E00C555C6 /* ViewController.swift in Sources */ = {isa = PBXBuildFile; fileRef = 063D44261994114E00C555C6 /* ViewController.swift */; };
		063D442C1994114E00C555C6 /* Images.xcassets in Resources */ = {isa = PBXBuildFile; fileRef = 063D442B1994114E00C555C6 /* Images.xcassets */; };
		063D44381994114E00C555C6 /* AutoGuideTests.swift in Sources */ = {isa = PBXBuildFile; fileRef = 063D44371994114E00C555C6 /* AutoGuideTests.swift */; };
		06A7A66D1994D52E001038AC /* Main.storyboard in Resources */ = {isa = PBXBuildFile; fileRef = 06A7A66C1994D52E001038AC /* Main.storyboard */; };
		06A7A66F1994D559001038AC /* bluda.jpg in Resources */ = {isa = PBXBuildFile; fileRef = 06A7A66E1994D559001038AC /* bluda.jpg */; };
		06A7A6711994D73B001038AC /* Mazda CX-5.png in Resources */ = {isa = PBXBuildFile; fileRef = 06A7A6701994D73B001038AC /* Mazda CX-5.png */; };
		06A7A6731994D744001038AC /* Jeep grand Cherokee.png in Resources */ = {isa = PBXBuildFile; fileRef = 06A7A6721994D744001038AC /* Jeep grand Cherokee.png */; };
		06A7A6751994D74E001038AC /* Ford_Fusion_rear_20080222.jpg in Resources */ = {isa = PBXBuildFile; fileRef = 06A7A6741994D74E001038AC /* Ford_Fusion_rear_20080222.jpg */; };
		06A7A6771994D758001038AC /* renault_duster_1.jpg in Resources */ = {isa = PBXBuildFile; fileRef = 06A7A6761994D758001038AC /* renault_duster_1.jpg */; };
		06A7A6791994D763001038AC /* Nissan X-trail.jpg in Resources */ = {isa = PBXBuildFile; fileRef = 06A7A6781994D763001038AC /* Nissan X-trail.jpg */; };
		06DA23AA199414390087C049 /* DetailViewController.swift in Sources */ = {isa = PBXBuildFile; fileRef = 06DA23A9199414390087C049 /* DetailViewController.swift */; };
		06DA23AC199414400087C049 /* AboutViewController.swift in Sources */ = {isa = PBXBuildFile; fileRef = 06DA23AB199414400087C049 /* AboutViewController.swift */; };
		06DA23AE1994144D0087C049 /* about.html in Resources */ = {isa = PBXBuildFile; fileRef = 06DA23AD1994144D0087C049 /* about.html */; };
		06DA23B0199415C10087C049 /* 48902126_mashina.jpg in Resources */ = {isa = PBXBuildFile; fileRef = 06DA23AF199415C10087C049 /* 48902126_mashina.jpg */; };
/* End PBXBuildFile section */

/* Begin PBXContainerItemProxy section */
		063D44321994114E00C555C6 /* PBXContainerItemProxy */ = {
			isa = PBXContainerItemProxy;
			containerPortal = 063D44171994114D00C555C6 /* Project object */;
			proxyType = 1;
			remoteGlobalIDString = 063D441E1994114D00C555C6;
			remoteInfo = AutoGuide;
		};
/* End PBXContainerItemProxy section */

/* Begin PBXFileReference section */
		063D441F1994114E00C555C6 /* AutoGuide.app */ = {isa = PBXFileReference; explicitFileType = wrapper.application; includeInIndex = 0; path = AutoGuide.app; sourceTree = BUILT_PRODUCTS_DIR; };
		063D44231994114E00C555C6 /* Info.plist */ = {isa = PBXFileReference; lastKnownFileType = text.plist.xml; path = Info.plist; sourceTree = "<group>"; };
		063D44241994114E00C555C6 /* AppDelegate.swift */ = {isa = PBXFileReference; lastKnownFileType = sourcecode.swift; path = AppDelegate.swift; sourceTree = "<group>"; };
		063D44261994114E00C555C6 /* ViewController.swift */ = {isa = PBXFileReference; lastKnownFileType = sourcecode.swift; path = ViewController.swift; sourceTree = "<group>"; };
		063D442B1994114E00C555C6 /* Images.xcassets */ = {isa = PBXFileReference; lastKnownFileType = folder.assetcatalog; path = Images.xcassets; sourceTree = "<group>"; };
		063D44311994114E00C555C6 /* AutoGuideTests.xctest */ = {isa = PBXFileReference; explicitFileType = wrapper.cfbundle; includeInIndex = 0; path = AutoGuideTests.xctest; sourceTree = BUILT_PRODUCTS_DIR; };
		063D44361994114E00C555C6 /* Info.plist */ = {isa = PBXFileReference; lastKnownFileType = text.plist.xml; path = Info.plist; sourceTree = "<group>"; };
		063D44371994114E00C555C6 /* AutoGuideTests.swift */ = {isa = PBXFileReference; lastKnownFileType = sourcecode.swift; path = AutoGuideTests.swift; sourceTree = "<group>"; };
		06A7A66C1994D52E001038AC /* Main.storyboard */ = {isa = PBXFileReference; fileEncoding = 4; lastKnownFileType = file.storyboard; path = Main.storyboard; sourceTree = "<group>"; };
		06A7A66E1994D559001038AC /* bluda.jpg */ = {isa = PBXFileReference; lastKnownFileType = image.jpeg; path = bluda.jpg; sourceTree = "<group>"; };
		06A7A6701994D73B001038AC /* Mazda CX-5.png */ = {isa = PBXFileReference; lastKnownFileType = image.png; path = "Mazda CX-5.png"; sourceTree = "<group>"; };
		06A7A6721994D744001038AC /* Jeep grand Cherokee.png */ = {isa = PBXFileReference; lastKnownFileType = image.png; path = "Jeep grand Cherokee.png"; sourceTree = "<group>"; };
		06A7A6741994D74E001038AC /* Ford_Fusion_rear_20080222.jpg */ = {isa = PBXFileReference; lastKnownFileType = image.jpeg; path = Ford_Fusion_rear_20080222.jpg; sourceTree = "<group>"; };
		06A7A6761994D758001038AC /* renault_duster_1.jpg */ = {isa = PBXFileReference; lastKnownFileType = image.jpeg; path = renault_duster_1.jpg; sourceTree = "<group>"; };
		06A7A6781994D763001038AC /* Nissan X-trail.jpg */ = {isa = PBXFileReference; lastKnownFileType = image.jpeg; path = "Nissan X-trail.jpg"; sourceTree = "<group>"; };
		06DA23A9199414390087C049 /* DetailViewController.swift */ = {isa = PBXFileReference; fileEncoding = 4; lastKnownFileType = sourcecode.swift; path = DetailViewController.swift; sourceTree = "<group>"; };
		06DA23AB199414400087C049 /* AboutViewController.swift */ = {isa = PBXFileReference; fileEncoding = 4; lastKnownFileType = sourcecode.swift; path = AboutViewController.swift; sourceTree = "<group>"; };
		06DA23AD1994144D0087C049 /* about.html */ = {isa = PBXFileReference; fileEncoding = 4; lastKnownFileType = text.html; path = about.html; sourceTree = "<group>"; };
		06DA23AF199415C10087C049 /* 48902126_mashina.jpg */ = {isa = PBXFileReference; lastKnownFileType = image.jpeg; path = 48902126_mashina.jpg; sourceTree = "<group>"; };
/* End PBXFileReference section */

/* Begin PBXFrameworksBuildPhase section */
		063D441C1994114D00C555C6 /* Frameworks */ = {
			isa = PBXFrameworksBuildPhase;
			buildActionMask = 2147483647;
			files = (
			);
			runOnlyForDeploymentPostprocessing = 0;
		};
		063D442E1994114E00C555C6 /* Frameworks */ = {
			isa = PBXFrameworksBuildPhase;
			buildActionMask = 2147483647;
			files = (
			);
			runOnlyForDeploymentPostprocessing = 0;
		};
/* End PBXFrameworksBuildPhase section */

/* Begin PBXGroup section */
		063D44161994114D00C555C6 = {
			isa = PBXGroup;
			children = (
				063D44211994114E00C555C6 /* AutoGuide */,
				063D44341994114E00C555C6 /* AutoGuideTests */,
				063D44201994114E00C555C6 /* Products */,
			);
			sourceTree = "<group>";
		};
		063D44201994114E00C555C6 /* Products */ = {
			isa = PBXGroup;
			children = (
				063D441F1994114E00C555C6 /* AutoGuide.app */,
				063D44311994114E00C555C6 /* AutoGuideTests.xctest */,
			);
			name = Products;
			sourceTree = "<group>";
		};
		063D44211994114E00C555C6 /* AutoGuide */ = {
			isa = PBXGroup;
			children = (
				06A7A67A1994D777001038AC /* Images */,
				06DA23AD1994144D0087C049 /* about.html */,
				06DA23AB199414400087C049 /* AboutViewController.swift */,
				06DA23A9199414390087C049 /* DetailViewController.swift */,
				063D44241994114E00C555C6 /* AppDelegate.swift */,
				063D44261994114E00C555C6 /* ViewController.swift */,
				06A7A66C1994D52E001038AC /* Main.storyboard */,
				063D442B1994114E00C555C6 /* Images.xcassets */,
				063D44221994114E00C555C6 /* Supporting Files */,
			);
			path = AutoGuide;
			sourceTree = "<group>";
		};
		063D44221994114E00C555C6 /* Supporting Files */ = {
			isa = PBXGroup;
			children = (
				063D44231994114E00C555C6 /* Info.plist */,
			);
			name = "Supporting Files";
			sourceTree = "<group>";
		};
		063D44341994114E00C555C6 /* AutoGuideTests */ = {
			isa = PBXGroup;
			children = (
				063D44371994114E00C555C6 /* AutoGuideTests.swift */,
				063D44351994114E00C555C6 /* Supporting Files */,
			);
			path = AutoGuideTests;
			sourceTree = "<group>";
		};
		063D44351994114E00C555C6 /* Supporting Files */ = {
			isa = PBXGroup;
			children = (
				063D44361994114E00C555C6 /* Info.plist */,
			);
			name = "Supporting Files";
			sourceTree = "<group>";
		};
		06A7A67A1994D777001038AC /* Images */ = {
			isa = PBXGroup;
			children = (
				06A7A66E1994D559001038AC /* bluda.jpg */,
				06A7A6701994D73B001038AC /* Mazda CX-5.png */,
				06DA23AF199415C10087C049 /* 48902126_mashina.jpg */,
				06A7A6741994D74E001038AC /* Ford_Fusion_rear_20080222.jpg */,
				06A7A6721994D744001038AC /* Jeep grand Cherokee.png */,
				06A7A6761994D758001038AC /* renault_duster_1.jpg */,
				06A7A6781994D763001038AC /* Nissan X-trail.jpg */,
			);
			name = Images;
			sourceTree = "<group>";
		};
/* End PBXGroup section */

/* Begin PBXNativeTarget section */
		063D441E1994114D00C555C6 /* AutoGuide */ = {
			isa = PBXNativeTarget;
			buildConfigurationList = 063D443B1994114E00C555C6 /* Build configuration list for PBXNativeTarget "AutoGuide" */;
			buildPhases = (
				063D441B1994114D00C555C6 /* Sources */,
				063D441C1994114D00C555C6 /* Frameworks */,
				063D441D1994114D00C555C6 /* Resources */,
			);
			buildRules = (
			);
			dependencies = (
			);
			name = AutoGuide;
			productName = AutoGuide;
			productReference = 063D441F1994114E00C555C6 /* AutoGuide.app */;
			productType = "com.apple.product-type.application";
		};
		063D44301994114E00C555C6 /* AutoGuideTests */ = {
			isa = PBXNativeTarget;
			buildConfigurationList = 063D443E1994114E00C555C6 /* Build configuration list for PBXNativeTarget "AutoGuideTests" */;
			buildPhases = (
				063D442D1994114E00C555C6 /* Sources */,
				063D442E1994114E00C555C6 /* Frameworks */,
				063D442F1994114E00C555C6 /* Resources */,
			);
			buildRules = (
			);
			dependencies = (
				063D44331994114E00C555C6 /* PBXTargetDependency */,
			);
			name = AutoGuideTests;
			productName = AutoGuideTests;
			productReference = 063D44311994114E00C555C6 /* AutoGuideTests.xctest */;
			productType = "com.apple.product-type.bundle.unit-test";
		};
/* End PBXNativeTarget section */

/* Begin PBXProject section */
		063D44171994114D00C555C6 /* Project object */ = {
			isa = PBXProject;
			attributes = {
				LastUpgradeCheck = 0600;
				ORGANIZATIONNAME = Sarov;
				TargetAttributes = {
					063D441E1994114D00C555C6 = {
						CreatedOnToolsVersion = 6.0;
					};
					063D44301994114E00C555C6 = {
						CreatedOnToolsVersion = 6.0;
						TestTargetID = 063D441E1994114D00C555C6;
					};
				};
			};
			buildConfigurationList = 063D441A1994114D00C555C6 /* Build configuration list for PBXProject "AutoGuide" */;
			compatibilityVersion = "Xcode 3.2";
			developmentRegion = English;
			hasScannedForEncodings = 0;
			knownRegions = (
				en,
				Base,
			);
			mainGroup = 063D44161994114D00C555C6;
			productRefGroup = 063D44201994114E00C555C6 /* Products */;
			projectDirPath = "";
			projectRoot = "";
			targets = (
				063D441E1994114D00C555C6 /* AutoGuide */,
				063D44301994114E00C555C6 /* AutoGuideTests */,
			);
		};
/* End PBXProject section */

/* Begin PBXResourcesBuildPhase section */
		063D441D1994114D00C555C6 /* Resources */ = {
			isa = PBXResourcesBuildPhase;
			buildActionMask = 2147483647;
			files = (
				06DA23AE1994144D0087C049 /* about.html in Resources */,
				06A7A66D1994D52E001038AC /* Main.storyboard in Resources */,
				06A7A6751994D74E001038AC /* Ford_Fusion_rear_20080222.jpg in Resources */,
				06A7A6771994D758001038AC /* renault_duster_1.jpg in Resources */,
				063D442C1994114E00C555C6 /* Images.xcassets in Resources */,
				06A7A6731994D744001038AC /* Jeep grand Cherokee.png in Resources */,
				06A7A6791994D763001038AC /* Nissan X-trail.jpg in Resources */,
				06DA23B0199415C10087C049 /* 48902126_mashina.jpg in Resources */,
				06A7A66F1994D559001038AC /* bluda.jpg in Resources */,
				06A7A6711994D73B001038AC /* Mazda CX-5.png in Resources */,
			);
			runOnlyForDeploymentPostprocessing = 0;
		};
		063D442F1994114E00C555C6 /* Resources */ = {
			isa = PBXResourcesBuildPhase;
			buildActionMask = 2147483647;
			files = (
			);
			runOnlyForDeploymentPostprocessing = 0;
		};
/* End PBXResourcesBuildPhase section */

/* Begin PBXSourcesBuildPhase section */
		063D441B1994114D00C555C6 /* Sources */ = {
			isa = PBXSourcesBuildPhase;
			buildActionMask = 2147483647;
			files = (
				06DA23AA199414390087C049 /* DetailViewController.swift in Sources */,
				063D44271994114E00C555C6 /* ViewController.swift in Sources */,
				06DA23AC199414400087C049 /* AboutViewController.swift in Sources */,
				063D44251994114E00C555C6 /* AppDelegate.swift in Sources */,
			);
			runOnlyForDeploymentPostprocessing = 0;
		};
		063D442D1994114E00C555C6 /* Sources */ = {
			isa = PBXSourcesBuildPhase;
			buildActionMask = 2147483647;
			files = (
				063D44381994114E00C555C6 /* AutoGuideTests.swift in Sources */,
			);
			runOnlyForDeploymentPostprocessing = 0;
		};
/* End PBXSourcesBuildPhase section */

/* Begin PBXTargetDependency section */
		063D44331994114E00C555C6 /* PBXTargetDependency */ = {
			isa = PBXTargetDependency;
			target = 063D441E1994114D00C555C6 /* AutoGuide */;
			targetProxy = 063D44321994114E00C555C6 /* PBXContainerItemProxy */;
		};
/* End PBXTargetDependency section */

/* Begin XCBuildConfiguration section */
		063D44391994114E00C555C6 /* Debug */ = {
			isa = XCBuildConfiguration;
			buildSettings = {
				ALWAYS_SEARCH_USER_PATHS = NO;
				CLANG_CXX_LANGUAGE_STANDARD = "gnu++0x";
				CLANG_CXX_LIBRARY = "libc++";
				CLANG_ENABLE_MODULES = YES;
				CLANG_ENABLE_OBJC_ARC = YES;
				CLANG_WARN_BOOL_CONVERSION = YES;
				CLANG_WARN_CONSTANT_CONVERSION = YES;
				CLANG_WARN_DIRECT_OBJC_ISA_USAGE = YES_ERROR;
				CLANG_WARN_EMPTY_BODY = YES;
				CLANG_WARN_ENUM_CONVERSION = YES;
				CLANG_WARN_INT_CONVERSION = YES;
				CLANG_WARN_OBJC_ROOT_CLASS = YES_ERROR;
				CLANG_WARN_UNREACHABLE_CODE = YES;
				CLANG_WARN__DUPLICATE_METHOD_MATCH = YES;
				"CODE_SIGN_IDENTITY[sdk=iphoneos*]" = "iPhone Developer";
				COPY_PHASE_STRIP = NO;
				ENABLE_STRICT_OBJC_MSGSEND = YES;
				GCC_C_LANGUAGE_STANDARD = gnu99;
				GCC_DYNAMIC_NO_PIC = NO;
				GCC_OPTIMIZATION_LEVEL = 0;
				GCC_PREPROCESSOR_DEFINITIONS = (
					"DEBUG=1",
					"$(inherited)",
				);
				GCC_SYMBOLS_PRIVATE_EXTERN = NO;
				GCC_WARN_64_TO_32_BIT_CONVERSION = YES;
				GCC_WARN_ABOUT_RETURN_TYPE = YES_ERROR;
				GCC_WARN_UNDECLARED_SELECTOR = YES;
				GCC_WARN_UNINITIALIZED_AUTOS = YES_AGGRESSIVE;
				GCC_WARN_UNUSED_FUNCTION = YES;
				GCC_WARN_UNUSED_VARIABLE = YES;
				IPHONEOS_DEPLOYMENT_TARGET = 8.0;
				MTL_ENABLE_DEBUG_INFO = YES;
				ONLY_ACTIVE_ARCH = YES;
				SDKROOT = iphoneos;
				SWIFT_OPTIMIZATION_LEVEL = "-Onone";
			};
			name = Debug;
		};
		063D443A1994114E00C555C6 /* Release */ = {
			isa = XCBuildConfiguration;
			buildSettings = {
				ALWAYS_SEARCH_USER_PATHS = NO;
				CLANG_CXX_LANGUAGE_STANDARD = "gnu++0x";
				CLANG_CXX_LIBRARY = "libc++";
				CLANG_ENABLE_MODULES = YES;
				CLANG_ENABLE_OBJC_ARC = YES;
				CLANG_WARN_BOOL_CONVERSION = YES;
				CLANG_WARN_CONSTANT_CONVERSION = YES;
				CLANG_WARN_DIRECT_OBJC_ISA_USAGE = YES_ERROR;
				CLANG_WARN_EMPTY_BODY = YES;
				CLANG_WARN_ENUM_CONVERSION = YES;
				CLANG_WARN_INT_CONVERSION = YES;
				CLANG_WARN_OBJC_ROOT_CLASS = YES_ERROR;
				CLANG_WARN_UNREACHABLE_CODE = YES;
				CLANG_WARN__DUPLICATE_METHOD_MATCH = YES;
				"CODE_SIGN_IDENTITY[sdk=iphoneos*]" = "iPhone Developer";
				COPY_PHASE_STRIP = YES;
				ENABLE_NS_ASSERTIONS = NO;
				ENABLE_STRICT_OBJC_MSGSEND = YES;
				GCC_C_LANGUAGE_STANDARD = gnu99;
				GCC_WARN_64_TO_32_BIT_CONVERSION = YES;
				GCC_WARN_ABOUT_RETURN_TYPE = YES_ERROR;
				GCC_WARN_UNDECLARED_SELECTOR = YES;
				GCC_WARN_UNINITIALIZED_AUTOS = YES_AGGRESSIVE;
				GCC_WARN_UNUSED_FUNCTION = YES;
				GCC_WARN_UNUSED_VARIABLE = YES;
				IPHONEOS_DEPLOYMENT_TARGET = 8.0;
				MTL_ENABLE_DEBUG_INFO = NO;
				SDKROOT = iphoneos;
				VALIDATE_PRODUCT = YES;
			};
			name = Release;
		};
		063D443C1994114E00C555C6 /* Debug */ = {
			isa = XCBuildConfiguration;
			buildSettings = {
				ASSETCATALOG_COMPILER_APPICON_NAME = AppIcon;
				ASSETCATALOG_COMPILER_LAUNCHIMAGE_NAME = LaunchImage;
				CODE_SIGN_IDENTITY = "iPhone Developer";
				INFOPLIST_FILE = AutoGuide/Info.plist;
				LD_RUNPATH_SEARCH_PATHS = "$(inherited) @executable_path/Frameworks";
				PRODUCT_NAME = "$(TARGET_NAME)";
				TARGETED_DEVICE_FAMILY = 1;
			};
			name = Debug;
		};
		063D443D1994114E00C555C6 /* Release */ = {
			isa = XCBuildConfiguration;
			buildSettings = {
				ASSETCATALOG_COMPILER_APPICON_NAME = AppIcon;
				ASSETCATALOG_COMPILER_LAUNCHIMAGE_NAME = LaunchImage;
				CODE_SIGN_IDENTITY = "iPhone Developer";
				INFOPLIST_FILE = AutoGuide/Info.plist;
				LD_RUNPATH_SEARCH_PATHS = "$(inherited) @executable_path/Frameworks";
				PRODUCT_NAME = "$(TARGET_NAME)";
				TARGETED_DEVICE_FAMILY = 1;
			};
			name = Release;
		};
		063D443F1994114E00C555C6 /* Debug */ = {
			isa = XCBuildConfiguration;
			buildSettings = {
				BUNDLE_LOADER = "$(BUILT_PRODUCTS_DIR)/AutoGuide.app/AutoGuide";
				FRAMEWORK_SEARCH_PATHS = (
					"$(SDKROOT)/Developer/Library/Frameworks",
					"$(inherited)",
				);
				GCC_PREPROCESSOR_DEFINITIONS = (
					"DEBUG=1",
					"$(inherited)",
				);
				INFOPLIST_FILE = AutoGuideTests/Info.plist;
				LD_RUNPATH_SEARCH_PATHS = "$(inherited) @executable_path/Frameworks @loader_path/Frameworks";
				PRODUCT_NAME = "$(TARGET_NAME)";
				TEST_HOST = "$(BUNDLE_LOADER)";
			};
			name = Debug;
		};
		063D44401994114E00C555C6 /* Release */ = {
			isa = XCBuildConfiguration;
			buildSettings = {
				BUNDLE_LOADER = "$(BUILT_PRODUCTS_DIR)/AutoGuide.app/AutoGuide";
				FRAMEWORK_SEARCH_PATHS = (
					"$(SDKROOT)/Developer/Library/Frameworks",
					"$(inherited)",
				);
				INFOPLIST_FILE = AutoGuideTests/Info.plist;
				LD_RUNPATH_SEARCH_PATHS = "$(inherited) @executable_path/Frameworks @loader_path/Frameworks";
				PRODUCT_NAME = "$(TARGET_NAME)";
				TEST_HOST = "$(BUNDLE_LOADER)";
			};
			name = Release;
		};
/* End XCBuildConfiguration section */

/* Begin XCConfigurationList section */
		063D441A1994114D00C555C6 /* Build configuration list for PBXProject "AutoGuide" */ = {
			isa = XCConfigurationList;
			buildConfigurations = (
				063D44391994114E00C555C6 /* Debug */,
				063D443A1994114E00C555C6 /* Release */,
			);
			defaultConfigurationIsVisible = 0;
			defaultConfigurationName = Release;
		};
		063D443B1994114E00C555C6 /* Build configuration list for PBXNativeTarget "AutoGuide" */ = {
			isa = XCConfigurationList;
			buildConfigurations = (
				063D443C1994114E00C555C6 /* Debug */,
				063D443D1994114E00C555C6 /* Release */,
			);
			defaultConfigurationIsVisible = 0;
			defaultConfigurationName = Release;
		};
		063D443E1994114E00C555C6 /* Build configuration list for PBXNativeTarget "AutoGuideTests" */ = {
			isa = XCConfigurationList;
			buildConfigurations = (
				063D443F1994114E00C555C6 /* Debug */,
				063D44401994114E00C555C6 /* Release */,
			);
			defaultConfigurationIsVisible = 0;
			defaultConfigurationName = Release;
		};
/* End XCConfigurationList section */
	};
	rootObject = 063D44171994114D00C555C6 /* Project object */;
}
